
Microsoft Visual Studio Solution File, Format Version 12.00
# Visual Studio Version 17
VisualStudioVersion = 17.12.35506.116 d17.12
MinimumVisualStudioVersion = 10.0.40219.1
Project("{FAE04EC0-301F-11D3-BF4B-00C04F79EFBC}") = "Provvigioni_Agenti", "Provvigioni_Agenti\Provvigioni_Agenti.csproj", "{BDA9AE26-9854-4433-A25C-35DB9F88B1AB}"
EndProject
Global
	GlobalSection(SolutionConfigurationPlatforms) = preSolution
		Debug|Any CPU = Debug|Any CPU
		Release|Any CPU = Release|Any CPU
	EndGlobalSection
	GlobalSection(ProjectConfigurationPlatforms) = postSolution
		{BDA9AE26-9854-4433-A25C-35DB9F88B1AB}.Debug|Any CPU.ActiveCfg = Debug|Any CPU
		{BDA9AE26-9854-4433-A25C-35DB9F88B1AB}.Debug|Any CPU.Build.0 = Debug|Any CPU
		{BDA9AE26-9854-4433-A25C-35DB9F88B1AB}.Release|Any CPU.ActiveCfg = Release|Any CPU
		{BDA9AE26-9854-4433-A25C-35DB9F88B1AB}.Release|Any CPU.Build.0 = Release|Any CPU
	EndGlobalSection
	GlobalSection(SolutionProperties) = preSolution
		HideSolutionNode = FALSE
	EndGlobalSection
EndGlobal
